
Microsoft Visual Studio Solution File, Format Version 11.00
# Visual Studio 2010
Project("{FAE04EC0-301F-11D3-BF4B-00C04F79EFBC}") = "FrameMarker", "FrameMarker\FrameMarker.csproj", "{312FADF0-EF1F-4DE5-A11A-6C3ACF06D353}"
EndProject
Global
	GlobalSection(SolutionConfigurationPlatforms) = preSolution
		Debug|x86 = Debug|x86
		Release|x86 = Release|x86
	EndGlobalSection
	GlobalSection(ProjectConfigurationPlatforms) = postSolution
		{312FADF0-EF1F-4DE5-A11A-6C3ACF06D353}.Debug|x86.ActiveCfg = Debug|x86
		{312FADF0-EF1F-4DE5-A11A-6C3ACF06D353}.Debug|x86.Build.0 = Debug|x86
		{312FADF0-EF1F-4DE5-A11A-6C3ACF06D353}.Release|x86.ActiveCfg = Release|x86
		{312FADF0-EF1F-4DE5-A11A-6C3ACF06D353}.Release|x86.Build.0 = Release|x86
	EndGlobalSection
	GlobalSection(SolutionProperties) = preSolution
		HideSolutionNode = FALSE
	EndGlobalSection
EndGlobal
